
Microsoft Visual Studio Solution File, Format Version 12.00
# Visual Studio Version 17
VisualStudioVersion = 17.4.33403.182
MinimumVisualStudioVersion = 10.0.40219.1
Project("{2150E333-8FDC-42A3-9474-1A3956D46DE8}") = "src", "src", "{30F68CD4-86F0-48B3-8928-BB41E996CA5C}"
EndProject
Project("{2150E333-8FDC-42A3-9474-1A3956D46DE8}") = "core", "core", "{0041ADFC-76DC-4DDA-BFAB-1F8C89A07BB7}"
EndProject
Project("{2150E333-8FDC-42A3-9474-1A3956D46DE8}") = "infraestructura", "infraestructura", "{5695D1F4-24AA-4A4F-A910-803583254D96}"
EndProject
Project("{2150E333-8FDC-42A3-9474-1A3956D46DE8}") = "presentacion", "presentacion", "{DBBAB51A-5B0C-4FA5-8820-9E169B3B9779}"
EndProject
Project("{FAE04EC0-301F-11D3-BF4B-00C04F79EFBC}") = "Aplicacion", "Aplicacion\Aplicacion.csproj", "{6DBCDBF3-0A18-4EFA-A74D-216E26ABB4AA}"
EndProject
Project("{FAE04EC0-301F-11D3-BF4B-00C04F79EFBC}") = "Dominio", "Dominio\Dominio.csproj", "{3F05D197-168D-44BB-843B-199A643A9BC8}"
EndProject
Project("{FAE04EC0-301F-11D3-BF4B-00C04F79EFBC}") = "Compartir", "Compartir\Compartir.csproj", "{C0D08673-C585-4220-BF37-1DE9D5A2A6B1}"
EndProject
Project("{FAE04EC0-301F-11D3-BF4B-00C04F79EFBC}") = "Persistencia", "Persistencia\Persistencia.csproj", "{BBC87FB0-D1FB-46AC-AD4B-95D9D905AE21}"
EndProject
Project("{FAE04EC0-301F-11D3-BF4B-00C04F79EFBC}") = "ApiWeb", "ApiWeb\ApiWeb.csproj", "{46FCF7CE-640D-426D-9CEE-65A472A1A293}"
EndProject
Global
	GlobalSection(SolutionConfigurationPlatforms) = preSolution
		Debug|Any CPU = Debug|Any CPU
		Release|Any CPU = Release|Any CPU
	EndGlobalSection
	GlobalSection(ProjectConfigurationPlatforms) = postSolution
		{6DBCDBF3-0A18-4EFA-A74D-216E26ABB4AA}.Debug|Any CPU.ActiveCfg = Debug|Any CPU
		{6DBCDBF3-0A18-4EFA-A74D-216E26ABB4AA}.Debug|Any CPU.Build.0 = Debug|Any CPU
		{6DBCDBF3-0A18-4EFA-A74D-216E26ABB4AA}.Release|Any CPU.ActiveCfg = Release|Any CPU
		{6DBCDBF3-0A18-4EFA-A74D-216E26ABB4AA}.Release|Any CPU.Build.0 = Release|Any CPU
		{3F05D197-168D-44BB-843B-199A643A9BC8}.Debug|Any CPU.ActiveCfg = Debug|Any CPU
		{3F05D197-168D-44BB-843B-199A643A9BC8}.Debug|Any CPU.Build.0 = Debug|Any CPU
		{3F05D197-168D-44BB-843B-199A643A9BC8}.Release|Any CPU.ActiveCfg = Release|Any CPU
		{3F05D197-168D-44BB-843B-199A643A9BC8}.Release|Any CPU.Build.0 = Release|Any CPU
		{C0D08673-C585-4220-BF37-1DE9D5A2A6B1}.Debug|Any CPU.ActiveCfg = Debug|Any CPU
		{C0D08673-C585-4220-BF37-1DE9D5A2A6B1}.Debug|Any CPU.Build.0 = Debug|Any CPU
		{C0D08673-C585-4220-BF37-1DE9D5A2A6B1}.Release|Any CPU.ActiveCfg = Release|Any CPU
		{C0D08673-C585-4220-BF37-1DE9D5A2A6B1}.Release|Any CPU.Build.0 = Release|Any CPU
		{BBC87FB0-D1FB-46AC-AD4B-95D9D905AE21}.Debug|Any CPU.ActiveCfg = Debug|Any CPU
		{BBC87FB0-D1FB-46AC-AD4B-95D9D905AE21}.Debug|Any CPU.Build.0 = Debug|Any CPU
		{BBC87FB0-D1FB-46AC-AD4B-95D9D905AE21}.Release|Any CPU.ActiveCfg = Release|Any CPU
		{BBC87FB0-D1FB-46AC-AD4B-95D9D905AE21}.Release|Any CPU.Build.0 = Release|Any CPU
		{46FCF7CE-640D-426D-9CEE-65A472A1A293}.Debug|Any CPU.ActiveCfg = Debug|Any CPU
		{46FCF7CE-640D-426D-9CEE-65A472A1A293}.Debug|Any CPU.Build.0 = Debug|Any CPU
		{46FCF7CE-640D-426D-9CEE-65A472A1A293}.Release|Any CPU.ActiveCfg = Release|Any CPU
		{46FCF7CE-640D-426D-9CEE-65A472A1A293}.Release|Any CPU.Build.0 = Release|Any CPU
	EndGlobalSection
	GlobalSection(SolutionProperties) = preSolution
		HideSolutionNode = FALSE
	EndGlobalSection
	GlobalSection(NestedProjects) = preSolution
		{0041ADFC-76DC-4DDA-BFAB-1F8C89A07BB7} = {30F68CD4-86F0-48B3-8928-BB41E996CA5C}
		{5695D1F4-24AA-4A4F-A910-803583254D96} = {30F68CD4-86F0-48B3-8928-BB41E996CA5C}
		{DBBAB51A-5B0C-4FA5-8820-9E169B3B9779} = {30F68CD4-86F0-48B3-8928-BB41E996CA5C}
		{6DBCDBF3-0A18-4EFA-A74D-216E26ABB4AA} = {0041ADFC-76DC-4DDA-BFAB-1F8C89A07BB7}
		{3F05D197-168D-44BB-843B-199A643A9BC8} = {0041ADFC-76DC-4DDA-BFAB-1F8C89A07BB7}
		{C0D08673-C585-4220-BF37-1DE9D5A2A6B1} = {5695D1F4-24AA-4A4F-A910-803583254D96}
		{BBC87FB0-D1FB-46AC-AD4B-95D9D905AE21} = {5695D1F4-24AA-4A4F-A910-803583254D96}
		{46FCF7CE-640D-426D-9CEE-65A472A1A293} = {DBBAB51A-5B0C-4FA5-8820-9E169B3B9779}
	EndGlobalSection
	GlobalSection(ExtensibilityGlobals) = postSolution
		SolutionGuid = {1A9A65B8-00D8-4A47-A2E6-F6808915135A}
	EndGlobalSection
EndGlobal
